
Microsoft Visual Studio Solution File, Format Version 12.00
# Visual Studio 14
VisualStudioVersion = 14.0.24720.0
MinimumVisualStudioVersion = 10.0.40219.1
Project("{159641D6-6404-4A2A-AE62-294DE0FE8301}") = "SatelliteCloudLoad", "SatelliteCloudLoad\SatelliteCloudLoad.dtproj", "{D86DF9AC-DB1C-47F7-B36B-BB3CF7C05099}"
EndProject
Global
	GlobalSection(SolutionConfigurationPlatforms) = preSolution
		Development|Default = Development|Default
	EndGlobalSection
	GlobalSection(ProjectConfigurationPlatforms) = postSolution
		{D86DF9AC-DB1C-47F7-B36B-BB3CF7C05099}.Development|Default.ActiveCfg = Development
		{D86DF9AC-DB1C-47F7-B36B-BB3CF7C05099}.Development|Default.Build.0 = Development
	EndGlobalSection
	GlobalSection(SolutionProperties) = preSolution
		HideSolutionNode = FALSE
	EndGlobalSection
	GlobalSection(TeamFoundationVersionControl) = preSolution
		SccNumberOfProjects = 2
		SccEnterpriseProvider = {4CA58AB2-18FA-4F8D-95D4-32DDF27D184C}
		SccTeamFoundationServer = https://erichelin.visualstudio.com/defaultcollection
		SccLocalPath0 = .
		SccProjectUniqueName1 = SatelliteCloudLoad\\SatelliteCloudLoad.dtproj
		SccProjectName1 = SatelliteCloudLoad
		SccLocalPath1 = SatelliteCloudLoad
	EndGlobalSection
EndGlobal
